// !$*UTF8*$!
{
	archiveVersion = 1;
	classes = {
	};
	objectVersion = 50;
	objects = {

/* Begin PBXBuildFile section */
		6620AB9A2476AC3B00FFBB60 /* AppDelegate.swift in Sources */ = {isa = PBXBuildFile; fileRef = 6620AB992476AC3B00FFBB60 /* AppDelegate.swift */; };
		6620AB9C2476AC3B00FFBB60 /* SceneDelegate.swift in Sources */ = {isa = PBXBuildFile; fileRef = 6620AB9B2476AC3B00FFBB60 /* SceneDelegate.swift */; };
		6620ABA32476AC3E00FFBB60 /* Assets.xcassets in Resources */ = {isa = PBXBuildFile; fileRef = 6620ABA22476AC3E00FFBB60 /* Assets.xcassets */; };
		6620ABA62476AC3E00FFBB60 /* LaunchScreen.storyboard in Resources */ = {isa = PBXBuildFile; fileRef = 6620ABA42476AC3E00FFBB60 /* LaunchScreen.storyboard */; };
		6620ABAF2476ACDD00FFBB60 /* PicturePickerViewController.swift in Sources */ = {isa = PBXBuildFile; fileRef = 6620ABAE2476ACDD00FFBB60 /* PicturePickerViewController.swift */; };
		6620ABB52476B97700FFBB60 /* UIImageView+Extension.swift in Sources */ = {isa = PBXBuildFile; fileRef = 6620ABB12476B97700FFBB60 /* UIImageView+Extension.swift */; };
		6620ABB62476B97700FFBB60 /* UILabel+Extension.swift in Sources */ = {isa = PBXBuildFile; fileRef = 6620ABB22476B97700FFBB60 /* UILabel+Extension.swift */; };
		6620ABB72476B97700FFBB60 /* UIButton+Extension.swift in Sources */ = {isa = PBXBuildFile; fileRef = 6620ABB32476B97700FFBB60 /* UIButton+Extension.swift */; };
		6620ABB82476B97700FFBB60 /* UIBarButtonItem+Extension.swift in Sources */ = {isa = PBXBuildFile; fileRef = 6620ABB42476B97700FFBB60 /* UIBarButtonItem+Extension.swift */; };
		6620ABDE2476B9A500FFBB60 /* ConstraintMultiplierTarget.swift in Sources */ = {isa = PBXBuildFile; fileRef = 6620ABBA2476B9A500FFBB60 /* ConstraintMultiplierTarget.swift */; };
		6620ABDF2476B9A500FFBB60 /* LayoutConstraintItem.swift in Sources */ = {isa = PBXBuildFile; fileRef = 6620ABBB2476B9A500FFBB60 /* LayoutConstraintItem.swift */; };
		6620ABE02476B9A500FFBB60 /* ConstraintDescription.swift in Sources */ = {isa = PBXBuildFile; fileRef = 6620ABBC2476B9A500FFBB60 /* ConstraintDescription.swift */; };
		6620ABE12476B9A500FFBB60 /* ConstraintMakerPriortizable.swift in Sources */ = {isa = PBXBuildFile; fileRef = 6620ABBD2476B9A500FFBB60 /* ConstraintMakerPriortizable.swift */; };
		6620ABE22476B9A500FFBB60 /* ConstraintAttributes.swift in Sources */ = {isa = PBXBuildFile; fileRef = 6620ABBE2476B9A500FFBB60 /* ConstraintAttributes.swift */; };
		6620ABE32476B9A500FFBB60 /* ConstraintViewDSL.swift in Sources */ = {isa = PBXBuildFile; fileRef = 6620ABBF2476B9A500FFBB60 /* ConstraintViewDSL.swift */; };
		6620ABE42476B9A500FFBB60 /* ConstraintPriorityTarget.swift in Sources */ = {isa = PBXBuildFile; fileRef = 6620ABC02476B9A500FFBB60 /* ConstraintPriorityTarget.swift */; };
		6620ABE52476B9A500FFBB60 /* ConstraintInsets.swift in Sources */ = {isa = PBXBuildFile; fileRef = 6620ABC12476B9A500FFBB60 /* ConstraintInsets.swift */; };
		6620ABE62476B9A500FFBB60 /* ConstraintMakerFinalizable.swift in Sources */ = {isa = PBXBuildFile; fileRef = 6620ABC22476B9A500FFBB60 /* ConstraintMakerFinalizable.swift */; };
		6620ABE72476B9A500FFBB60 /* ConstraintDSL.swift in Sources */ = {isa = PBXBuildFile; fileRef = 6620ABC32476B9A500FFBB60 /* ConstraintDSL.swift */; };
		6620ABE82476B9A500FFBB60 /* ConstraintMakerExtendable.swift in Sources */ = {isa = PBXBuildFile; fileRef = 6620ABC42476B9A500FFBB60 /* ConstraintMakerExtendable.swift */; };
		6620ABE92476B9A500FFBB60 /* ConstraintPriority.swift in Sources */ = {isa = PBXBuildFile; fileRef = 6620ABC52476B9A500FFBB60 /* ConstraintPriority.swift */; };
		6620ABEA2476B9A500FFBB60 /* ConstraintInsetTarget.swift in Sources */ = {isa = PBXBuildFile; fileRef = 6620ABC62476B9A500FFBB60 /* ConstraintInsetTarget.swift */; };
		6620ABEB2476B9A500FFBB60 /* ConstraintDirectionalInsetTarget.swift in Sources */ = {isa = PBXBuildFile; fileRef = 6620ABC72476B9A500FFBB60 /* ConstraintDirectionalInsetTarget.swift */; };
		6620ABEC2476B9A500FFBB60 /* ConstraintConfig.swift in Sources */ = {isa = PBXBuildFile; fileRef = 6620ABC82476B9A500FFBB60 /* ConstraintConfig.swift */; };
		6620ABED2476B9A500FFBB60 /* UILayoutSupport+Extensions.swift in Sources */ = {isa = PBXBuildFile; fileRef = 6620ABC92476B9A500FFBB60 /* UILayoutSupport+Extensions.swift */; };
		6620ABEE2476B9A500FFBB60 /* ConstraintView.swift in Sources */ = {isa = PBXBuildFile; fileRef = 6620ABCA2476B9A500FFBB60 /* ConstraintView.swift */; };
		6620ABEF2476B9A500FFBB60 /* ConstraintLayoutGuide.swift in Sources */ = {isa = PBXBuildFile; fileRef = 6620ABCB2476B9A500FFBB60 /* ConstraintLayoutGuide.swift */; };
		6620ABF02476B9A500FFBB60 /* ConstraintLayoutSupport.swift in Sources */ = {isa = PBXBuildFile; fileRef = 6620ABCC2476B9A500FFBB60 /* ConstraintLayoutSupport.swift */; };
		6620ABF12476B9A500FFBB60 /* Typealiases.swift in Sources */ = {isa = PBXBuildFile; fileRef = 6620ABCD2476B9A500FFBB60 /* Typealiases.swift */; };
		6620ABF22476B9A500FFBB60 /* ConstraintConstantTarget.swift in Sources */ = {isa = PBXBuildFile; fileRef = 6620ABCE2476B9A500FFBB60 /* ConstraintConstantTarget.swift */; };
		6620ABF32476B9A500FFBB60 /* ConstraintOffsetTarget.swift in Sources */ = {isa = PBXBuildFile; fileRef = 6620ABCF2476B9A500FFBB60 /* ConstraintOffsetTarget.swift */; };
		6620ABF42476B9A500FFBB60 /* ConstraintMakerEditable.swift in Sources */ = {isa = PBXBuildFile; fileRef = 6620ABD02476B9A500FFBB60 /* ConstraintMakerEditable.swift */; };
		6620ABF52476B9A500FFBB60 /* ConstraintMaker.swift in Sources */ = {isa = PBXBuildFile; fileRef = 6620ABD12476B9A500FFBB60 /* ConstraintMaker.swift */; };
		6620ABF62476B9A500FFBB60 /* ConstraintRelation.swift in Sources */ = {isa = PBXBuildFile; fileRef = 6620ABD22476B9A500FFBB60 /* ConstraintRelation.swift */; };
		6620ABF72476B9A500FFBB60 /* ConstraintLayoutGuideDSL.swift in Sources */ = {isa = PBXBuildFile; fileRef = 6620ABD32476B9A500FFBB60 /* ConstraintLayoutGuideDSL.swift */; };
		6620ABF82476B9A500FFBB60 /* ConstraintView+Extensions.swift in Sources */ = {isa = PBXBuildFile; fileRef = 6620ABD42476B9A500FFBB60 /* ConstraintView+Extensions.swift */; };
		6620ABF92476B9A500FFBB60 /* ConstraintItem.swift in Sources */ = {isa = PBXBuildFile; fileRef = 6620ABD52476B9A500FFBB60 /* ConstraintItem.swift */; };
		6620ABFA2476B9A500FFBB60 /* Constraint.swift in Sources */ = {isa = PBXBuildFile; fileRef = 6620ABD62476B9A500FFBB60 /* Constraint.swift */; };
		6620ABFB2476B9A500FFBB60 /* Debugging.swift in Sources */ = {isa = PBXBuildFile; fileRef = 6620ABD72476B9A500FFBB60 /* Debugging.swift */; };
		6620ABFC2476B9A500FFBB60 /* ConstraintRelatableTarget.swift in Sources */ = {isa = PBXBuildFile; fileRef = 6620ABD82476B9A500FFBB60 /* ConstraintRelatableTarget.swift */; };
		6620ABFD2476B9A500FFBB60 /* LayoutConstraint.swift in Sources */ = {isa = PBXBuildFile; fileRef = 6620ABD92476B9A500FFBB60 /* LayoutConstraint.swift */; };
		6620ABFE2476B9A500FFBB60 /* ConstraintLayoutGuide+Extensions.swift in Sources */ = {isa = PBXBuildFile; fileRef = 6620ABDA2476B9A500FFBB60 /* ConstraintLayoutGuide+Extensions.swift */; };
		6620ABFF2476B9A500FFBB60 /* ConstraintDirectionalInsets.swift in Sources */ = {isa = PBXBuildFile; fileRef = 6620ABDB2476B9A500FFBB60 /* ConstraintDirectionalInsets.swift */; };
		6620AC002476B9A500FFBB60 /* ConstraintLayoutSupportDSL.swift in Sources */ = {isa = PBXBuildFile; fileRef = 6620ABDC2476B9A500FFBB60 /* ConstraintLayoutSupportDSL.swift */; };
		6620AC012476B9A500FFBB60 /* ConstraintMakerRelatable.swift in Sources */ = {isa = PBXBuildFile; fileRef = 6620ABDD2476B9A500FFBB60 /* ConstraintMakerRelatable.swift */; };
/* End PBXBuildFile section */

/* Begin PBXFileReference section */
		6620AB962476AC3B00FFBB60 /* PicturePicker.app */ = {isa = PBXFileReference; explicitFileType = wrapper.application; includeInIndex = 0; path = PicturePicker.app; sourceTree = BUILT_PRODUCTS_DIR; };
		6620AB992476AC3B00FFBB60 /* AppDelegate.swift */ = {isa = PBXFileReference; lastKnownFileType = sourcecode.swift; path = AppDelegate.swift; sourceTree = "<group>"; };
		6620AB9B2476AC3B00FFBB60 /* SceneDelegate.swift */ = {isa = PBXFileReference; lastKnownFileType = sourcecode.swift; path = SceneDelegate.swift; sourceTree = "<group>"; };
		6620ABA22476AC3E00FFBB60 /* Assets.xcassets */ = {isa = PBXFileReference; lastKnownFileType = folder.assetcatalog; path = Assets.xcassets; sourceTree = "<group>"; };
		6620ABA52476AC3E00FFBB60 /* Base */ = {isa = PBXFileReference; lastKnownFileType = file.storyboard; name = Base; path = Base.lproj/LaunchScreen.storyboard; sourceTree = "<group>"; };
		6620ABA72476AC3E00FFBB60 /* Info.plist */ = {isa = PBXFileReference; lastKnownFileType = text.plist.xml; path = Info.plist; sourceTree = "<group>"; };
		6620ABAE2476ACDD00FFBB60 /* PicturePickerViewController.swift */ = {isa = PBXFileReference; lastKnownFileType = sourcecode.swift; path = PicturePickerViewController.swift; sourceTree = "<group>"; };
		6620ABB12476B97700FFBB60 /* UIImageView+Extension.swift */ = {isa = PBXFileReference; fileEncoding = 4; lastKnownFileType = sourcecode.swift; path = "UIImageView+Extension.swift"; sourceTree = "<group>"; };
		6620ABB22476B97700FFBB60 /* UILabel+Extension.swift */ = {isa = PBXFileReference; fileEncoding = 4; lastKnownFileType = sourcecode.swift; path = "UILabel+Extension.swift"; sourceTree = "<group>"; };
		6620ABB32476B97700FFBB60 /* UIButton+Extension.swift */ = {isa = PBXFileReference; fileEncoding = 4; lastKnownFileType = sourcecode.swift; path = "UIButton+Extension.swift"; sourceTree = "<group>"; };
		6620ABB42476B97700FFBB60 /* UIBarButtonItem+Extension.swift */ = {isa = PBXFileReference; fileEncoding = 4; lastKnownFileType = sourcecode.swift; path = "UIBarButtonItem+Extension.swift"; sourceTree = "<group>"; };
		6620ABBA2476B9A500FFBB60 /* ConstraintMultiplierTarget.swift */ = {isa = PBXFileReference; fileEncoding = 4; lastKnownFileType = sourcecode.swift; path = ConstraintMultiplierTarget.swift; sourceTree = "<group>"; };
		6620ABBB2476B9A500FFBB60 /* LayoutConstraintItem.swift */ = {isa = PBXFileReference; fileEncoding = 4; lastKnownFileType = sourcecode.swift; path = LayoutConstraintItem.swift; sourceTree = "<group>"; };
		6620ABBC2476B9A500FFBB60 /* ConstraintDescription.swift */ = {isa = PBXFileReference; fileEncoding = 4; lastKnownFileType = sourcecode.swift; path = ConstraintDescription.swift; sourceTree = "<group>"; };
		6620ABBD2476B9A500FFBB60 /* ConstraintMakerPriortizable.swift */ = {isa = PBXFileReference; fileEncoding = 4; lastKnownFileType = sourcecode.swift; path = ConstraintMakerPriortizable.swift; sourceTree = "<group>"; };
		6620ABBE2476B9A500FFBB60 /* ConstraintAttributes.swift */ = {isa = PBXFileReference; fileEncoding = 4; lastKnownFileType = sourcecode.swift; path = ConstraintAttributes.swift; sourceTree = "<group>"; };
		6620ABBF2476B9A500FFBB60 /* ConstraintViewDSL.swift */ = {isa = PBXFileReference; fileEncoding = 4; lastKnownFileType = sourcecode.swift; path = ConstraintViewDSL.swift; sourceTree = "<group>"; };
		6620ABC02476B9A500FFBB60 /* ConstraintPriorityTarget.swift */ = {isa = PBXFileReference; fileEncoding = 4; lastKnownFileType = sourcecode.swift; path = ConstraintPriorityTarget.swift; sourceTree = "<group>"; };
		6620ABC12476B9A500FFBB60 /* ConstraintInsets.swift */ = {isa = PBXFileReference; fileEncoding = 4; lastKnownFileType = sourcecode.swift; path = ConstraintInsets.swift; sourceTree = "<group>"; };
		6620ABC22476B9A500FFBB60 /* ConstraintMakerFinalizable.swift */ = {isa = PBXFileReference; fileEncoding = 4; lastKnownFileType = sourcecode.swift; path = ConstraintMakerFinalizable.swift; sourceTree = "<group>"; };
		6620ABC32476B9A500FFBB60 /* ConstraintDSL.swift */ = {isa = PBXFileReference; fileEncoding = 4; lastKnownFileType = sourcecode.swift; path = ConstraintDSL.swift; sourceTree = "<group>"; };
		6620ABC42476B9A500FFBB60 /* ConstraintMakerExtendable.swift */ = {isa = PBXFileReference; fileEncoding = 4; lastKnownFileType = sourcecode.swift; path = ConstraintMakerExtendable.swift; sourceTree = "<group>"; };
		6620ABC52476B9A500FFBB60 /* ConstraintPriority.swift */ = {isa = PBXFileReference; fileEncoding = 4; lastKnownFileType = sourcecode.swift; path = ConstraintPriority.swift; sourceTree = "<group>"; };
		6620ABC62476B9A500FFBB60 /* ConstraintInsetTarget.swift */ = {isa = PBXFileReference; fileEncoding = 4; lastKnownFileType = sourcecode.swift; path = ConstraintInsetTarget.swift; sourceTree = "<group>"; };
		6620ABC72476B9A500FFBB60 /* ConstraintDirectionalInsetTarget.swift */ = {isa = PBXFileReference; fileEncoding = 4; lastKnownFileType = sourcecode.swift; path = ConstraintDirectionalInsetTarget.swift; sourceTree = "<group>"; };
		6620ABC82476B9A500FFBB60 /* ConstraintConfig.swift */ = {isa = PBXFileReference; fileEncoding = 4; lastKnownFileType = sourcecode.swift; path = ConstraintConfig.swift; sourceTree = "<group>"; };
		6620ABC92476B9A500FFBB60 /* UILayoutSupport+Extensions.swift */ = {isa = PBXFileReference; fileEncoding = 4; lastKnownFileType = sourcecode.swift; path = "UILayoutSupport+Extensions.swift"; sourceTree = "<group>"; };
		6620ABCA2476B9A500FFBB60 /* ConstraintView.swift */ = {isa = PBXFileReference; fileEncoding = 4; lastKnownFileType = sourcecode.swift; path = ConstraintView.swift; sourceTree = "<group>"; };
		6620ABCB2476B9A500FFBB60 /* ConstraintLayoutGuide.swift */ = {isa = PBXFileReference; fileEncoding = 4; lastKnownFileType = sourcecode.swift; path = ConstraintLayoutGuide.swift; sourceTree = "<group>"; };
		6620ABCC2476B9A500FFBB60 /* ConstraintLayoutSupport.swift */ = {isa = PBXFileReference; fileEncoding = 4; lastKnownFileType = sourcecode.swift; path = ConstraintLayoutSupport.swift; sourceTree = "<group>"; };
		6620ABCD2476B9A500FFBB60 /* Typealiases.swift */ = {isa = PBXFileReference; fileEncoding = 4; lastKnownFileType = sourcecode.swift; path = Typealiases.swift; sourceTree = "<group>"; };
		6620ABCE2476B9A500FFBB60 /* ConstraintConstantTarget.swift */ = {isa = PBXFileReference; fileEncoding = 4; lastKnownFileType = sourcecode.swift; path = ConstraintConstantTarget.swift; sourceTree = "<group>"; };
		6620ABCF2476B9A500FFBB60 /* ConstraintOffsetTarget.swift */ = {isa = PBXFileReference; fileEncoding = 4; lastKnownFileType = sourcecode.swift; path = ConstraintOffsetTarget.swift; sourceTree = "<group>"; };
		6620ABD02476B9A500FFBB60 /* ConstraintMakerEditable.swift */ = {isa = PBXFileReference; fileEncoding = 4; lastKnownFileType = sourcecode.swift; path = ConstraintMakerEditable.swift; sourceTree = "<group>"; };
		6620ABD12476B9A500FFBB60 /* ConstraintMaker.swift */ = {isa = PBXFileReference; fileEncoding = 4; lastKnownFileType = sourcecode.swift; path = ConstraintMaker.swift; sourceTree = "<group>"; };
		6620ABD22476B9A500FFBB60 /* ConstraintRelation.swift */ = {isa = PBXFileReference; fileEncoding = 4; lastKnownFileType = sourcecode.swift; path = ConstraintRelation.swift; sourceTree = "<group>"; };
		6620ABD32476B9A500FFBB60 /* ConstraintLayoutGuideDSL.swift */ = {isa = PBXFileReference; fileEncoding = 4; lastKnownFileType = sourcecode.swift; path = ConstraintLayoutGuideDSL.swift; sourceTree = "<group>"; };
		6620ABD42476B9A500FFBB60 /* ConstraintView+Extensions.swift */ = {isa = PBXFileReference; fileEncoding = 4; lastKnownFileType = sourcecode.swift; path = "ConstraintView+Extensions.swift"; sourceTree = "<group>"; };
		6620ABD52476B9A500FFBB60 /* ConstraintItem.swift */ = {isa = PBXFileReference; fileEncoding = 4; lastKnownFileType = sourcecode.swift; path = ConstraintItem.swift; sourceTree = "<group>"; };
		6620ABD62476B9A500FFBB60 /* Constraint.swift */ = {isa = PBXFileReference; fileEncoding = 4; lastKnownFileType = sourcecode.swift; path = Constraint.swift; sourceTree = "<group>"; };
		6620ABD72476B9A500FFBB60 /* Debugging.swift */ = {isa = PBXFileReference; fileEncoding = 4; lastKnownFileType = sourcecode.swift; path = Debugging.swift; sourceTree = "<group>"; };
		6620ABD82476B9A500FFBB60 /* ConstraintRelatableTarget.swift */ = {isa = PBXFileReference; fileEncoding = 4; lastKnownFileType = sourcecode.swift; path = ConstraintRelatableTarget.swift; sourceTree = "<group>"; };
		6620ABD92476B9A500FFBB60 /* LayoutConstraint.swift */ = {isa = PBXFileReference; fileEncoding = 4; lastKnownFileType = sourcecode.swift; path = LayoutConstraint.swift; sourceTree = "<group>"; };
		6620ABDA2476B9A500FFBB60 /* ConstraintLayoutGuide+Extensions.swift */ = {isa = PBXFileReference; fileEncoding = 4; lastKnownFileType = sourcecode.swift; path = "ConstraintLayoutGuide+Extensions.swift"; sourceTree = "<group>"; };
		6620ABDB2476B9A500FFBB60 /* ConstraintDirectionalInsets.swift */ = {isa = PBXFileReference; fileEncoding = 4; lastKnownFileType = sourcecode.swift; path = ConstraintDirectionalInsets.swift; sourceTree = "<group>"; };
		6620ABDC2476B9A500FFBB60 /* ConstraintLayoutSupportDSL.swift */ = {isa = PBXFileReference; fileEncoding = 4; lastKnownFileType = sourcecode.swift; path = ConstraintLayoutSupportDSL.swift; sourceTree = "<group>"; };
		6620ABDD2476B9A500FFBB60 /* ConstraintMakerRelatable.swift */ = {isa = PBXFileReference; fileEncoding = 4; lastKnownFileType = sourcecode.swift; path = ConstraintMakerRelatable.swift; sourceTree = "<group>"; };
/* End PBXFileReference section */

/* Begin PBXFrameworksBuildPhase section */
		6620AB932476AC3B00FFBB60 /* Frameworks */ = {
			isa = PBXFrameworksBuildPhase;
			buildActionMask = 2147483647;
			files = (
			);
			runOnlyForDeploymentPostprocessing = 0;
		};
/* End PBXFrameworksBuildPhase section */

/* Begin PBXGroup section */
		6620AB8D2476AC3B00FFBB60 = {
			isa = PBXGroup;
			children = (
				6620AB982476AC3B00FFBB60 /* PicturePicker */,
				6620AB972476AC3B00FFBB60 /* Products */,
			);
			sourceTree = "<group>";
		};
		6620AB972476AC3B00FFBB60 /* Products */ = {
			isa = PBXGroup;
			children = (
				6620AB962476AC3B00FFBB60 /* PicturePicker.app */,
			);
			name = Products;
			sourceTree = "<group>";
		};
		6620AB982476AC3B00FFBB60 /* PicturePicker */ = {
			isa = PBXGroup;
			children = (
				6620ABB92476B9A500FFBB60 /* Source */,
				6620ABB02476B97700FFBB60 /* extension */,
				6620ABAD2476ACA900FFBB60 /* PicturePicker */,
				6620AB992476AC3B00FFBB60 /* AppDelegate.swift */,
				6620AB9B2476AC3B00FFBB60 /* SceneDelegate.swift */,
				6620ABA22476AC3E00FFBB60 /* Assets.xcassets */,
				6620ABA42476AC3E00FFBB60 /* LaunchScreen.storyboard */,
				6620ABA72476AC3E00FFBB60 /* Info.plist */,
			);
			path = PicturePicker;
			sourceTree = "<group>";
		};
		6620ABAD2476ACA900FFBB60 /* PicturePicker */ = {
			isa = PBXGroup;
			children = (
				6620ABAE2476ACDD00FFBB60 /* PicturePickerViewController.swift */,
			);
			path = PicturePicker;
			sourceTree = "<group>";
		};
		6620ABB02476B97700FFBB60 /* extension */ = {
			isa = PBXGroup;
			children = (
				6620ABB12476B97700FFBB60 /* UIImageView+Extension.swift */,
				6620ABB22476B97700FFBB60 /* UILabel+Extension.swift */,
				6620ABB32476B97700FFBB60 /* UIButton+Extension.swift */,
				6620ABB42476B97700FFBB60 /* UIBarButtonItem+Extension.swift */,
			);
			name = extension;
			path = ../../Weibo/Weibo/Classes/Tools/extension;
			sourceTree = "<group>";
		};
		6620ABB92476B9A500FFBB60 /* Source */ = {
			isa = PBXGroup;
			children = (
				6620ABBA2476B9A500FFBB60 /* ConstraintMultiplierTarget.swift */,
				6620ABBB2476B9A500FFBB60 /* LayoutConstraintItem.swift */,
				6620ABBC2476B9A500FFBB60 /* ConstraintDescription.swift */,
				6620ABBD2476B9A500FFBB60 /* ConstraintMakerPriortizable.swift */,
				6620ABBE2476B9A500FFBB60 /* ConstraintAttributes.swift */,
				6620ABBF2476B9A500FFBB60 /* ConstraintViewDSL.swift */,
				6620ABC02476B9A500FFBB60 /* ConstraintPriorityTarget.swift */,
				6620ABC12476B9A500FFBB60 /* ConstraintInsets.swift */,
				6620ABC22476B9A500FFBB60 /* ConstraintMakerFinalizable.swift */,
				6620ABC32476B9A500FFBB60 /* ConstraintDSL.swift */,
				6620ABC42476B9A500FFBB60 /* ConstraintMakerExtendable.swift */,
				6620ABC52476B9A500FFBB60 /* ConstraintPriority.swift */,
				6620ABC62476B9A500FFBB60 /* ConstraintInsetTarget.swift */,
				6620ABC72476B9A500FFBB60 /* ConstraintDirectionalInsetTarget.swift */,
				6620ABC82476B9A500FFBB60 /* ConstraintConfig.swift */,
				6620ABC92476B9A500FFBB60 /* UILayoutSupport+Extensions.swift */,
				6620ABCA2476B9A500FFBB60 /* ConstraintView.swift */,
				6620ABCB2476B9A500FFBB60 /* ConstraintLayoutGuide.swift */,
				6620ABCC2476B9A500FFBB60 /* ConstraintLayoutSupport.swift */,
				6620ABCD2476B9A500FFBB60 /* Typealiases.swift */,
				6620ABCE2476B9A500FFBB60 /* ConstraintConstantTarget.swift */,
				6620ABCF2476B9A500FFBB60 /* ConstraintOffsetTarget.swift */,
				6620ABD02476B9A500FFBB60 /* ConstraintMakerEditable.swift */,
				6620ABD12476B9A500FFBB60 /* ConstraintMaker.swift */,
				6620ABD22476B9A500FFBB60 /* ConstraintRelation.swift */,
				6620ABD32476B9A500FFBB60 /* ConstraintLayoutGuideDSL.swift */,
				6620ABD42476B9A500FFBB60 /* ConstraintView+Extensions.swift */,
				6620ABD52476B9A500FFBB60 /* ConstraintItem.swift */,
				6620ABD62476B9A500FFBB60 /* Constraint.swift */,
				6620ABD72476B9A500FFBB60 /* Debugging.swift */,
				6620ABD82476B9A500FFBB60 /* ConstraintRelatableTarget.swift */,
				6620ABD92476B9A500FFBB60 /* LayoutConstraint.swift */,
				6620ABDA2476B9A500FFBB60 /* ConstraintLayoutGuide+Extensions.swift */,
				6620ABDB2476B9A500FFBB60 /* ConstraintDirectionalInsets.swift */,
				6620ABDC2476B9A500FFBB60 /* ConstraintLayoutSupportDSL.swift */,
				6620ABDD2476B9A500FFBB60 /* ConstraintMakerRelatable.swift */,
			);
			name = Source;
			path = ../../Weibo/Pods/SnapKit/Source;
			sourceTree = "<group>";
		};
/* End PBXGroup section */

/* Begin PBXNativeTarget section */
		6620AB952476AC3B00FFBB60 /* PicturePicker */ = {
			isa = PBXNativeTarget;
			buildConfigurationList = 6620ABAA2476AC3E00FFBB60 /* Build configuration list for PBXNativeTarget "PicturePicker" */;
			buildPhases = (
				6620AB922476AC3B00FFBB60 /* Sources */,
				6620AB932476AC3B00FFBB60 /* Frameworks */,
				6620AB942476AC3B00FFBB60 /* Resources */,
			);
			buildRules = (
			);
			dependencies = (
			);
			name = PicturePicker;
			productName = PicturePicker;
			productReference = 6620AB962476AC3B00FFBB60 /* PicturePicker.app */;
			productType = "com.apple.product-type.application";
		};
/* End PBXNativeTarget section */

/* Begin PBXProject section */
		6620AB8E2476AC3B00FFBB60 /* Project object */ = {
			isa = PBXProject;
			attributes = {
				LastSwiftUpdateCheck = 1140;
				LastUpgradeCheck = 1140;
				ORGANIZATIONNAME = "彭豪辉";
				TargetAttributes = {
					6620AB952476AC3B00FFBB60 = {
						CreatedOnToolsVersion = 11.4.1;
					};
				};
			};
			buildConfigurationList = 6620AB912476AC3B00FFBB60 /* Build configuration list for PBXProject "PicturePicker" */;
			compatibilityVersion = "Xcode 9.3";
			developmentRegion = en;
			hasScannedForEncodings = 0;
			knownRegions = (
				en,
				Base,
			);
			mainGroup = 6620AB8D2476AC3B00FFBB60;
			productRefGroup = 6620AB972476AC3B00FFBB60 /* Products */;
			projectDirPath = "";
			projectRoot = "";
			targets = (
				6620AB952476AC3B00FFBB60 /* PicturePicker */,
			);
		};
/* End PBXProject section */

/* Begin PBXResourcesBuildPhase section */
		6620AB942476AC3B00FFBB60 /* Resources */ = {
			isa = PBXResourcesBuildPhase;
			buildActionMask = 2147483647;
			files = (
				6620ABA62476AC3E00FFBB60 /* LaunchScreen.storyboard in Resources */,
				6620ABA32476AC3E00FFBB60 /* Assets.xcassets in Resources */,
			);
			runOnlyForDeploymentPostprocessing = 0;
		};
/* End PBXResourcesBuildPhase section */

/* Begin PBXSourcesBuildPhase section */
		6620AB922476AC3B00FFBB60 /* Sources */ = {
			isa = PBXSourcesBuildPhase;
			buildActionMask = 2147483647;
			files = (
				6620ABFA2476B9A500FFBB60 /* Constraint.swift in Sources */,
				6620ABAF2476ACDD00FFBB60 /* PicturePickerViewController.swift in Sources */,
				6620ABFF2476B9A500FFBB60 /* ConstraintDirectionalInsets.swift in Sources */,
				6620AB9A2476AC3B00FFBB60 /* AppDelegate.swift in Sources */,
				6620ABE62476B9A500FFBB60 /* ConstraintMakerFinalizable.swift in Sources */,
				6620ABF22476B9A500FFBB60 /* ConstraintConstantTarget.swift in Sources */,
				6620ABDF2476B9A500FFBB60 /* LayoutConstraintItem.swift in Sources */,
				6620ABEF2476B9A500FFBB60 /* ConstraintLayoutGuide.swift in Sources */,
				6620ABEB2476B9A500FFBB60 /* ConstraintDirectionalInsetTarget.swift in Sources */,
				6620ABF02476B9A500FFBB60 /* ConstraintLayoutSupport.swift in Sources */,
				6620ABF52476B9A500FFBB60 /* ConstraintMaker.swift in Sources */,
				6620ABE52476B9A500FFBB60 /* ConstraintInsets.swift in Sources */,
				6620ABE42476B9A500FFBB60 /* ConstraintPriorityTarget.swift in Sources */,
				6620ABE32476B9A500FFBB60 /* ConstraintViewDSL.swift in Sources */,
				6620AC002476B9A500FFBB60 /* ConstraintLayoutSupportDSL.swift in Sources */,
				6620ABB62476B97700FFBB60 /* UILabel+Extension.swift in Sources */,
				6620ABE12476B9A500FFBB60 /* ConstraintMakerPriortizable.swift in Sources */,
				6620ABF92476B9A500FFBB60 /* ConstraintItem.swift in Sources */,
				6620ABEA2476B9A500FFBB60 /* ConstraintInsetTarget.swift in Sources */,
				6620ABB82476B97700FFBB60 /* UIBarButtonItem+Extension.swift in Sources */,
				6620ABFC2476B9A500FFBB60 /* ConstraintRelatableTarget.swift in Sources */,
				6620ABFB2476B9A500FFBB60 /* Debugging.swift in Sources */,
				6620ABDE2476B9A500FFBB60 /* ConstraintMultiplierTarget.swift in Sources */,
				6620ABFE2476B9A500FFBB60 /* ConstraintLayoutGuide+Extensions.swift in Sources */,
				6620ABB52476B97700FFBB60 /* UIImageView+Extension.swift in Sources */,
				6620AB9C2476AC3B00FFBB60 /* SceneDelegate.swift in Sources */,
				6620ABF32476B9A500FFBB60 /* ConstraintOffsetTarget.swift in Sources */,
				6620ABF72476B9A500FFBB60 /* ConstraintLayoutGuideDSL.swift in Sources */,
				6620ABEE2476B9A500FFBB60 /* ConstraintView.swift in Sources */,
				6620ABFD2476B9A500FFBB60 /* LayoutConstraint.swift in Sources */,
				6620ABE92476B9A500FFBB60 /* ConstraintPriority.swift in Sources */,
				6620ABF62476B9A500FFBB60 /* ConstraintRelation.swift in Sources */,
				6620ABF42476B9A500FFBB60 /* ConstraintMakerEditable.swift in Sources */,
				6620ABF82476B9A500FFBB60 /* ConstraintView+Extensions.swift in Sources */,
				6620ABED2476B9A500FFBB60 /* UILayoutSupport+Extensions.swift in Sources */,
				6620AC012476B9A500FFBB60 /* ConstraintMakerRelatable.swift in Sources */,
				6620ABE22476B9A500FFBB60 /* ConstraintAttributes.swift in Sources */,
				6620ABB72476B97700FFBB60 /* UIButton+Extension.swift in Sources */,
				6620ABEC2476B9A500FFBB60 /* ConstraintConfig.swift in Sources */,
				6620ABF12476B9A500FFBB60 /* Typealiases.swift in Sources */,
				6620ABE02476B9A500FFBB60 /* ConstraintDescription.swift in Sources */,
				6620ABE72476B9A500FFBB60 /* ConstraintDSL.swift in Sources */,
				6620ABE82476B9A500FFBB60 /* ConstraintMakerExtendable.swift in Sources */,
			);
			runOnlyForDeploymentPostprocessing = 0;
		};
/* End PBXSourcesBuildPhase section */

/* Begin PBXVariantGroup section */
		6620ABA42476AC3E00FFBB60 /* LaunchScreen.storyboard */ = {
			isa = PBXVariantGroup;
			children = (
				6620ABA52476AC3E00FFBB60 /* Base */,
			);
			name = LaunchScreen.storyboard;
			sourceTree = "<group>";
		};
/* End PBXVariantGroup section */

/* Begin XCBuildConfiguration section */
		6620ABA82476AC3E00FFBB60 /* Debug */ = {
			isa = XCBuildConfiguration;
			buildSettings = {
				ALWAYS_SEARCH_USER_PATHS = NO;
				CLANG_ANALYZER_NONNULL = YES;
				CLANG_ANALYZER_NUMBER_OBJECT_CONVERSION = YES_AGGRESSIVE;
				CLANG_CXX_LANGUAGE_STANDARD = "gnu++14";
				CLANG_CXX_LIBRARY = "libc++";
				CLANG_ENABLE_MODULES = YES;
				CLANG_ENABLE_OBJC_ARC = YES;
				CLANG_ENABLE_OBJC_WEAK = YES;
				CLANG_WARN_BLOCK_CAPTURE_AUTORELEASING = YES;
				CLANG_WARN_BOOL_CONVERSION = YES;
				CLANG_WARN_COMMA = YES;
				CLANG_WARN_CONSTANT_CONVERSION = YES;
				CLANG_WARN_DEPRECATED_OBJC_IMPLEMENTATIONS = YES;
				CLANG_WARN_DIRECT_OBJC_ISA_USAGE = YES_ERROR;
				CLANG_WARN_DOCUMENTATION_COMMENTS = YES;
				CLANG_WARN_EMPTY_BODY = YES;
				CLANG_WARN_ENUM_CONVERSION = YES;
				CLANG_WARN_INFINITE_RECURSION = YES;
				CLANG_WARN_INT_CONVERSION = YES;
				CLANG_WARN_NON_LITERAL_NULL_CONVERSION = YES;
				CLANG_WARN_OBJC_IMPLICIT_RETAIN_SELF = YES;
				CLANG_WARN_OBJC_LITERAL_CONVERSION = YES;
				CLANG_WARN_OBJC_ROOT_CLASS = YES_ERROR;
				CLANG_WARN_RANGE_LOOP_ANALYSIS = YES;
				CLANG_WARN_STRICT_PROTOTYPES = YES;
				CLANG_WARN_SUSPICIOUS_MOVE = YES;
				CLANG_WARN_UNGUARDED_AVAILABILITY = YES_AGGRESSIVE;
				CLANG_WARN_UNREACHABLE_CODE = YES;
				CLANG_WARN__DUPLICATE_METHOD_MATCH = YES;
				COPY_PHASE_STRIP = NO;
				DEBUG_INFORMATION_FORMAT = dwarf;
				ENABLE_STRICT_OBJC_MSGSEND = YES;
				ENABLE_TESTABILITY = YES;
				GCC_C_LANGUAGE_STANDARD = gnu11;
				GCC_DYNAMIC_NO_PIC = NO;
				GCC_NO_COMMON_BLOCKS = YES;
				GCC_OPTIMIZATION_LEVEL = 0;
				GCC_PREPROCESSOR_DEFINITIONS = (
					"DEBUG=1",
					"$(inherited)",
				);
				GCC_WARN_64_TO_32_BIT_CONVERSION = YES;
				GCC_WARN_ABOUT_RETURN_TYPE = YES_ERROR;
				GCC_WARN_UNDECLARED_SELECTOR = YES;
				GCC_WARN_UNINITIALIZED_AUTOS = YES_AGGRESSIVE;
				GCC_WARN_UNUSED_FUNCTION = YES;
				GCC_WARN_UNUSED_VARIABLE = YES;
				IPHONEOS_DEPLOYMENT_TARGET = 13.4;
				MTL_ENABLE_DEBUG_INFO = INCLUDE_SOURCE;
				MTL_FAST_MATH = YES;
				ONLY_ACTIVE_ARCH = YES;
				SDKROOT = iphoneos;
				SWIFT_ACTIVE_COMPILATION_CONDITIONS = DEBUG;
				SWIFT_OPTIMIZATION_LEVEL = "-Onone";
			};
			name = Debug;
		};
		6620ABA92476AC3E00FFBB60 /* Release */ = {
			isa = XCBuildConfiguration;
			buildSettings = {
				ALWAYS_SEARCH_USER_PATHS = NO;
				CLANG_ANALYZER_NONNULL = YES;
				CLANG_ANALYZER_NUMBER_OBJECT_CONVERSION = YES_AGGRESSIVE;
				CLANG_CXX_LANGUAGE_STANDARD = "gnu++14";
				CLANG_CXX_LIBRARY = "libc++";
				CLANG_ENABLE_MODULES = YES;
				CLANG_ENABLE_OBJC_ARC = YES;
				CLANG_ENABLE_OBJC_WEAK = YES;
				CLANG_WARN_BLOCK_CAPTURE_AUTORELEASING = YES;
				CLANG_WARN_BOOL_CONVERSION = YES;
				CLANG_WARN_COMMA = YES;
				CLANG_WARN_CONSTANT_CONVERSION = YES;
				CLANG_WARN_DEPRECATED_OBJC_IMPLEMENTATIONS = YES;
				CLANG_WARN_DIRECT_OBJC_ISA_USAGE = YES_ERROR;
				CLANG_WARN_DOCUMENTATION_COMMENTS = YES;
				CLANG_WARN_EMPTY_BODY = YES;
				CLANG_WARN_ENUM_CONVERSION = YES;
				CLANG_WARN_INFINITE_RECURSION = YES;
				CLANG_WARN_INT_CONVERSION = YES;
				CLANG_WARN_NON_LITERAL_NULL_CONVERSION = YES;
				CLANG_WARN_OBJC_IMPLICIT_RETAIN_SELF = YES;
				CLANG_WARN_OBJC_LITERAL_CONVERSION = YES;
				CLANG_WARN_OBJC_ROOT_CLASS = YES_ERROR;
				CLANG_WARN_RANGE_LOOP_ANALYSIS = YES;
				CLANG_WARN_STRICT_PROTOTYPES = YES;
				CLANG_WARN_SUSPICIOUS_MOVE = YES;
				CLANG_WARN_UNGUARDED_AVAILABILITY = YES_AGGRESSIVE;
				CLANG_WARN_UNREACHABLE_CODE = YES;
				CLANG_WARN__DUPLICATE_METHOD_MATCH = YES;
				COPY_PHASE_STRIP = NO;
				DEBUG_INFORMATION_FORMAT = "dwarf-with-dsym";
				ENABLE_NS_ASSERTIONS = NO;
				ENABLE_STRICT_OBJC_MSGSEND = YES;
				GCC_C_LANGUAGE_STANDARD = gnu11;
				GCC_NO_COMMON_BLOCKS = YES;
				GCC_WARN_64_TO_32_BIT_CONVERSION = YES;
				GCC_WARN_ABOUT_RETURN_TYPE = YES_ERROR;
				GCC_WARN_UNDECLARED_SELECTOR = YES;
				GCC_WARN_UNINITIALIZED_AUTOS = YES_AGGRESSIVE;
				GCC_WARN_UNUSED_FUNCTION = YES;
				GCC_WARN_UNUSED_VARIABLE = YES;
				IPHONEOS_DEPLOYMENT_TARGET = 13.4;
				MTL_ENABLE_DEBUG_INFO = NO;
				MTL_FAST_MATH = YES;
				SDKROOT = iphoneos;
				SWIFT_COMPILATION_MODE = wholemodule;
				SWIFT_OPTIMIZATION_LEVEL = "-O";
				VALIDATE_PRODUCT = YES;
			};
			name = Release;
		};
		6620ABAB2476AC3E00FFBB60 /* Debug */ = {
			isa = XCBuildConfiguration;
			buildSettings = {
				ASSETCATALOG_COMPILER_APPICON_NAME = AppIcon;
				CODE_SIGN_STYLE = Automatic;
				INFOPLIST_FILE = PicturePicker/Info.plist;
				IPHONEOS_DEPLOYMENT_TARGET = 10.0;
				LD_RUNPATH_SEARCH_PATHS = (
					"$(inherited)",
					"@executable_path/Frameworks",
				);
				PRODUCT_BUNDLE_IDENTIFIER = com.bughh.PicturePicker;
				PRODUCT_NAME = "$(TARGET_NAME)";
				SWIFT_VERSION = 5.0;
				TARGETED_DEVICE_FAMILY = "1,2";
			};
			name = Debug;
		};
		6620ABAC2476AC3E00FFBB60 /* Release */ = {
			isa = XCBuildConfiguration;
			buildSettings = {
				ASSETCATALOG_COMPILER_APPICON_NAME = AppIcon;
				CODE_SIGN_STYLE = Automatic;
				INFOPLIST_FILE = PicturePicker/Info.plist;
				IPHONEOS_DEPLOYMENT_TARGET = 10.0;
				LD_RUNPATH_SEARCH_PATHS = (
					"$(inherited)",
					"@executable_path/Frameworks",
				);
				PRODUCT_BUNDLE_IDENTIFIER = com.bughh.PicturePicker;
				PRODUCT_NAME = "$(TARGET_NAME)";
				SWIFT_VERSION = 5.0;
				TARGETED_DEVICE_FAMILY = "1,2";
			};
			name = Release;
		};
/* End XCBuildConfiguration section */

/* Begin XCConfigurationList section */
		6620AB912476AC3B00FFBB60 /* Build configuration list for PBXProject "PicturePicker" */ = {
			isa = XCConfigurationList;
			buildConfigurations = (
				6620ABA82476AC3E00FFBB60 /* Debug */,
				6620ABA92476AC3E00FFBB60 /* Release */,
			);
			defaultConfigurationIsVisible = 0;
			defaultConfigurationName = Release;
		};
		6620ABAA2476AC3E00FFBB60 /* Build configuration list for PBXNativeTarget "PicturePicker" */ = {
			isa = XCConfigurationList;
			buildConfigurations = (
				6620ABAB2476AC3E00FFBB60 /* Debug */,
				6620ABAC2476AC3E00FFBB60 /* Release */,
			);
			defaultConfigurationIsVisible = 0;
			defaultConfigurationName = Release;
		};
/* End XCConfigurationList section */
	};
	rootObject = 6620AB8E2476AC3B00FFBB60 /* Project object */;
}
